{
  "name": "nve-arrays-app",
  "version": "1.0.0",
  "lockfileVersion": 3,
  "requires": true,
  "packages": {
    "": {
      "name": "nve-arrays-app",
      "version": "1.0.0",
      "license": "MIT",
      "dependencies": {
        "nve-arrays": "^1.0.0"
      }
    },
    "node_modules/moment": {
      "version": "2.29.4",
      "resolved": "https://registry.npmjs.org/moment/-/moment-2.29.4.tgz",
      "integrity": "sha512-5LC9SOxjSc2HF6vO2CyuTDNivEdoz2IvyJJGj6X8DJ0eFyfszE0QiEd+iXmBvUP3WHxSjFH/vIsA0EN00cgr8w==",
      "engines": {
        "node": "*"
      }
    },
    "node_modules/nve-arrays": {
      "version": "1.0.0",
      "resolved": "https://registry.npmjs.org/nve-arrays/-/nve-arrays-1.0.0.tgz",
      "integrity": "sha512-dWNNaVqNnGkKNPAI6aiyujh+v/t9txlgjdSpeHSA7Q8+hR38n+EFS6FKFlA8sBjd10D5DUSHE1nZumVEXnmzGA==",
      "dependencies": {
        "moment": "^2.29.4"
      }
    }
  }
}
